<?xml version="1.0" encoding="utf-8"?>
<Project ToolsVersion="4.0" xmlns="http://schemas.microsoft.com/developer/msbuild/2003">
  <ItemGroup>
    <ClCompile Include="TileMap.cpp">
      <Filter>Source</Filter>
    </ClCompile>
    <ClCompile Include="Main.cpp">
      <Filter>Source</Filter>
    </ClCompile>
    <ClCompile Include="Game.cpp">
      <Filter>Source\Engine</Filter>
    </ClCompile>
    <ClCompile Include="GameObject.cpp">
      <Filter>Source\Engine</Filter>
    </ClCompile>
    <ClCompile Include="Graphics.cpp">
      <Filter>Source\Engine</Filter>
    </ClCompile>
    <ClCompile Include="Input.cpp">
      <Filter>Source\Engine</Filter>
    </ClCompile>
    <ClCompile Include="State.cpp">
      <Filter>Source\Engine</Filter>
    </ClCompile>
    <ClCompile Include="Button.cpp">
      <Filter>Source\UI</Filter>
    </ClCompile>
    <ClCompile Include="tinyxml2.cpp">
      <Filter>Source\ThirdParty</Filter>
    </ClCompile>
    <ClCompile Include="Resources.cpp">
      <Filter>Source\Engine</Filter>
    </ClCompile>
  </ItemGroup>
  <ItemGroup>
    <ClInclude Include="TileMap.h">
      <Filter>Headers</Filter>
    </ClInclude>
    <ClInclude Include="Game.h">
      <Filter>Headers\Engine</Filter>
    </ClInclude>
    <ClInclude Include="GameObject.h">
      <Filter>Headers\Engine</Filter>
    </ClInclude>
    <ClInclude Include="Graphics.h">
      <Filter>Headers\Engine</Filter>
    </ClInclude>
    <ClInclude Include="Input.h">
      <Filter>Headers\Engine</Filter>
    </ClInclude>
    <ClInclude Include="State.h">
      <Filter>Headers\Engine</Filter>
    </ClInclude>
    <ClInclude Include="Engine.h">
      <Filter>Headers\Engine</Filter>
    </ClInclude>
    <ClInclude Include="Button.h">
      <Filter>Headers\UI</Filter>
    </ClInclude>
    <ClInclude Include="tinyxml2.h">
      <Filter>Headers\ThirdParty</Filter>
    </ClInclude>
    <ClInclude Include="Resources.h">
      <Filter>Headers\Engine</Filter>
    </ClInclude>
  </ItemGroup>
  <ItemGroup>
    <Filter Include="Headers">
      <UniqueIdentifier>{055f608e-2bc9-47c5-8feb-35a4df2e073d}</UniqueIdentifier>
    </Filter>
    <Filter Include="Source">
      <UniqueIdentifier>{6a77a0d8-15a7-4c7a-ae8d-b372863704a4}</UniqueIdentifier>
      <Extensions>.cpp;.c;</Extensions>
    </Filter>
    <Filter Include="Headers\Engine">
      <UniqueIdentifier>{51e3c6c7-de0a-468e-bbf6-c619183850fd}</UniqueIdentifier>
    </Filter>
    <Filter Include="Source\Engine">
      <UniqueIdentifier>{cf0ed005-a439-487d-85d1-afd71f6dcb9d}</UniqueIdentifier>
    </Filter>
    <Filter Include="Headers\UI">
      <UniqueIdentifier>{e293ab84-ed24-4f4c-9246-badc3dba4904}</UniqueIdentifier>
    </Filter>
    <Filter Include="Source\UI">
      <UniqueIdentifier>{fd598c47-4bdf-4d00-b2de-960181cd03d3}</UniqueIdentifier>
    </Filter>
    <Filter Include="Source\ThirdParty">
      <UniqueIdentifier>{3d4d055d-6e61-485a-88b6-573dba934800}</UniqueIdentifier>
    </Filter>
    <Filter Include="Headers\ThirdParty">
      <UniqueIdentifier>{4f826d60-7e6e-40ff-a6e3-2e1f1707c69f}</UniqueIdentifier>
    </Filter>
  </ItemGroup>
</Project>